// !$*UTF8*$!
{
	archiveVersion = 1;
	classes = {
	};
	objectVersion = 54;
	objects = {

/* Begin PBXBuildFile section */
		00E356F31AD99517003FC87E /* VTechnologyTests.m in Sources */ = {isa = PBXBuildFile; fileRef = 00E356F21AD99517003FC87E /* VTechnologyTests.m */; };
		0C80B921A6F3F58F76C31292 /* libPods-VTechnology.a in Frameworks */ = {isa = PBXBuildFile; fileRef = 5DCACB8F33CDC322A6C60F78 /* libPods-VTechnology.a */; };
		13B07FBC1A68108700A75B9A /* AppDelegate.mm in Sources */ = {isa = PBXBuildFile; fileRef = 13B07FB01A68108700A75B9A /* AppDelegate.mm */; };
		13B07FBF1A68108700A75B9A /* Images.xcassets in Resources */ = {isa = PBXBuildFile; fileRef = 13B07FB51A68108700A75B9A /* Images.xcassets */; };
		13B07FC11A68108700A75B9A /* main.m in Sources */ = {isa = PBXBuildFile; fileRef = 13B07FB71A68108700A75B9A /* main.m */; };
		7699B88040F8A987B510C191 /* libPods-VTechnology-VTechnologyTests.a in Frameworks */ = {isa = PBXBuildFile; fileRef = 19F6CBCC0A4E27FBF8BF4A61 /* libPods-VTechnology-VTechnologyTests.a */; };
		81AB9BB82411601600AC10FF /* LaunchScreen.storyboard in Resources */ = {isa = PBXBuildFile; fileRef = 81AB9BB72411601600AC10FF /* LaunchScreen.storyboard */; };
		8C210CBA50C84D59B1E3FE12 /* MuseoModerno-Black.ttf in Resources */ = {isa = PBXBuildFile; fileRef = 30D913DEA1EB4981958F70ED /* MuseoModerno-Black.ttf */; };
		347D882909DD44668FCAA7F0 /* MuseoModerno-BlackItalic.ttf in Resources */ = {isa = PBXBuildFile; fileRef = D73403D3A91A4FE3BE08429C /* MuseoModerno-BlackItalic.ttf */; };
		103B7A8F3DDA4C05BCA3129D /* MuseoModerno-Bold.ttf in Resources */ = {isa = PBXBuildFile; fileRef = BDB73DE4800445B5B9B68860 /* MuseoModerno-Bold.ttf */; };
		FFD67CBBF4D34AEAB5B617B5 /* MuseoModerno-BoldItalic.ttf in Resources */ = {isa = PBXBuildFile; fileRef = 1D763AFA5BC9430D93F1C2A6 /* MuseoModerno-BoldItalic.ttf */; };
		D5910B30376C4203947616AB /* MuseoModerno-ExtraBold.ttf in Resources */ = {isa = PBXBuildFile; fileRef = 23EB68C7960B477EBEB4D3B0 /* MuseoModerno-ExtraBold.ttf */; };
		27B600B05E514094ABF462D2 /* MuseoModerno-ExtraBoldItalic.ttf in Resources */ = {isa = PBXBuildFile; fileRef = 53F8DAB9020A41C39D795A90 /* MuseoModerno-ExtraBoldItalic.ttf */; };
		4A06A07E709C40D7B550904C /* MuseoModerno-ExtraLight.ttf in Resources */ = {isa = PBXBuildFile; fileRef = E94824C71C164472B449DB6D /* MuseoModerno-ExtraLight.ttf */; };
		F314BECEFB7D4FE1A852BEA1 /* MuseoModerno-ExtraLightItalic.ttf in Resources */ = {isa = PBXBuildFile; fileRef = AD61F8AF89714701A1686406 /* MuseoModerno-ExtraLightItalic.ttf */; };
		D4C18A7F17734AE0A2CEE242 /* MuseoModerno-Italic.ttf in Resources */ = {isa = PBXBuildFile; fileRef = 17090F19774842D386C5454D /* MuseoModerno-Italic.ttf */; };
		86EA97FB8CB34AEF8AD12D4D /* MuseoModerno-Light.ttf in Resources */ = {isa = PBXBuildFile; fileRef = E6D81410EFC64931AE7E707B /* MuseoModerno-Light.ttf */; };
		B8D0BE688D884A379111BDD8 /* MuseoModerno-LightItalic.ttf in Resources */ = {isa = PBXBuildFile; fileRef = 1C164CE0AC5A4F84830942E1 /* MuseoModerno-LightItalic.ttf */; };
		C1960097100A4BA98FDA5F66 /* MuseoModerno-Medium.ttf in Resources */ = {isa = PBXBuildFile; fileRef = 27364E614CA242188F7B714B /* MuseoModerno-Medium.ttf */; };
		C109B13A9AC448CB9892A2DA /* MuseoModerno-MediumItalic.ttf in Resources */ = {isa = PBXBuildFile; fileRef = FB75E729B4E741669C9299A6 /* MuseoModerno-MediumItalic.ttf */; };
		37C0951257D44AF3A0298F57 /* MuseoModerno-Regular.ttf in Resources */ = {isa = PBXBuildFile; fileRef = 059023F6AA214C4B8C408E49 /* MuseoModerno-Regular.ttf */; };
		5D94F1C1C90246B58C774318 /* MuseoModerno-SemiBold.ttf in Resources */ = {isa = PBXBuildFile; fileRef = 106D803E679C49B58E8FF99D /* MuseoModerno-SemiBold.ttf */; };
		369FD26BE6C44A32ADA6943B /* MuseoModerno-SemiBoldItalic.ttf in Resources */ = {isa = PBXBuildFile; fileRef = E2F5BE4E310746E6BCFCC917 /* MuseoModerno-SemiBoldItalic.ttf */; };
		F05CCEC1E9DF4559B27A9C58 /* MuseoModerno-Thin.ttf in Resources */ = {isa = PBXBuildFile; fileRef = 15630A5E4B7E4FBC95BA614F /* MuseoModerno-Thin.ttf */; };
		5AD06E94DAAD4820A720FD51 /* MuseoModerno-ThinItalic.ttf in Resources */ = {isa = PBXBuildFile; fileRef = A788A0926425475E99D6D7FD /* MuseoModerno-ThinItalic.ttf */; };
		86E4359FB7504B1787BBE5F5 /* SourceSansPro-Black.ttf in Resources */ = {isa = PBXBuildFile; fileRef = 83C0EB57B9044B91ACBFC96D /* SourceSansPro-Black.ttf */; };
		2D7FD57B81EE4ED0BACEB995 /* SourceSansPro-BlackItalic.ttf in Resources */ = {isa = PBXBuildFile; fileRef = ECE2F058659B48148C9DA0EC /* SourceSansPro-BlackItalic.ttf */; };
		F540361EBD0A46689A9451C8 /* SourceSansPro-Bold.ttf in Resources */ = {isa = PBXBuildFile; fileRef = 0CFD4259D0C64DDAA20F95B8 /* SourceSansPro-Bold.ttf */; };
		E46AD9B1CDDB483AA9037ACF /* SourceSansPro-BoldItalic.ttf in Resources */ = {isa = PBXBuildFile; fileRef = 827573D9D14243CCA883100E /* SourceSansPro-BoldItalic.ttf */; };
		F049E26932B2495D8A476B57 /* SourceSansPro-ExtraLight.ttf in Resources */ = {isa = PBXBuildFile; fileRef = B4BCD0FF54B64AC1A7F554EA /* SourceSansPro-ExtraLight.ttf */; };
		81C03EDADA2F488080B290FE /* SourceSansPro-ExtraLightItalic.ttf in Resources */ = {isa = PBXBuildFile; fileRef = 05481BAA07454897A6E4028E /* SourceSansPro-ExtraLightItalic.ttf */; };
		78A59F0DC7654870AB348751 /* SourceSansPro-Italic.ttf in Resources */ = {isa = PBXBuildFile; fileRef = 45E3A18C8B0D4DD58080515D /* SourceSansPro-Italic.ttf */; };
		31D69C1AFE774344979651F4 /* SourceSansPro-Light.ttf in Resources */ = {isa = PBXBuildFile; fileRef = 2A1587F16E654C5D90B4446B /* SourceSansPro-Light.ttf */; };
		210DE0A25D224324815988FE /* SourceSansPro-LightItalic.ttf in Resources */ = {isa = PBXBuildFile; fileRef = 7AF3A1FF8FB54AC7AA44F344 /* SourceSansPro-LightItalic.ttf */; };
		B1E84FC75F0C48A7AEB982AF /* SourceSansPro-Regular.ttf in Resources */ = {isa = PBXBuildFile; fileRef = 42897E9AED4B45FF9F2C9072 /* SourceSansPro-Regular.ttf */; };
		90A6908AC4FC4A40A84E54CF /* SourceSansPro-SemiBold.ttf in Resources */ = {isa = PBXBuildFile; fileRef = 755E519899C94C7987CB304C /* SourceSansPro-SemiBold.ttf */; };
		BBDE105A0C8C4AE89C7E3AF2 /* SourceSansPro-SemiBoldItalic.ttf in Resources */ = {isa = PBXBuildFile; fileRef = EA5F52DDC1084FF8A4112EE5 /* SourceSansPro-SemiBoldItalic.ttf */; };
/* End PBXBuildFile section */

/* Begin PBXContainerItemProxy section */
		00E356F41AD99517003FC87E /* PBXContainerItemProxy */ = {
			isa = PBXContainerItemProxy;
			containerPortal = 83CBB9F71A601CBA00E9B192 /* Project object */;
			proxyType = 1;
			remoteGlobalIDString = 13B07F861A680F5B00A75B9A;
			remoteInfo = VTechnology;
		};
/* End PBXContainerItemProxy section */

/* Begin PBXFileReference section */
		00E356EE1AD99517003FC87E /* VTechnologyTests.xctest */ = {isa = PBXFileReference; explicitFileType = wrapper.cfbundle; includeInIndex = 0; path = VTechnologyTests.xctest; sourceTree = BUILT_PRODUCTS_DIR; };
		00E356F11AD99517003FC87E /* Info.plist */ = {isa = PBXFileReference; lastKnownFileType = text.plist.xml; path = Info.plist; sourceTree = "<group>"; };
		00E356F21AD99517003FC87E /* VTechnologyTests.m */ = {isa = PBXFileReference; lastKnownFileType = sourcecode.c.objc; path = VTechnologyTests.m; sourceTree = "<group>"; };
		13B07F961A680F5B00A75B9A /* VTechnology.app */ = {isa = PBXFileReference; explicitFileType = wrapper.application; includeInIndex = 0; path = VTechnology.app; sourceTree = BUILT_PRODUCTS_DIR; };
		13B07FAF1A68108700A75B9A /* AppDelegate.h */ = {isa = PBXFileReference; fileEncoding = 4; lastKnownFileType = sourcecode.c.h; name = AppDelegate.h; path = VTechnology/AppDelegate.h; sourceTree = "<group>"; };
		13B07FB01A68108700A75B9A /* AppDelegate.mm */ = {isa = PBXFileReference; fileEncoding = 4; lastKnownFileType = sourcecode.cpp.objcpp; name = AppDelegate.mm; path = VTechnology/AppDelegate.mm; sourceTree = "<group>"; };
		13B07FB51A68108700A75B9A /* Images.xcassets */ = {isa = PBXFileReference; lastKnownFileType = folder.assetcatalog; name = Images.xcassets; path = VTechnology/Images.xcassets; sourceTree = "<group>"; };
		13B07FB61A68108700A75B9A /* Info.plist */ = {isa = PBXFileReference; fileEncoding = 4; lastKnownFileType = text.plist.xml; name = Info.plist; path = VTechnology/Info.plist; sourceTree = "<group>"; };
		13B07FB71A68108700A75B9A /* main.m */ = {isa = PBXFileReference; fileEncoding = 4; lastKnownFileType = sourcecode.c.objc; name = main.m; path = VTechnology/main.m; sourceTree = "<group>"; };
		19F6CBCC0A4E27FBF8BF4A61 /* libPods-VTechnology-VTechnologyTests.a */ = {isa = PBXFileReference; explicitFileType = archive.ar; includeInIndex = 0; path = "libPods-VTechnology-VTechnologyTests.a"; sourceTree = BUILT_PRODUCTS_DIR; };
		3B4392A12AC88292D35C810B /* Pods-VTechnology.debug.xcconfig */ = {isa = PBXFileReference; includeInIndex = 1; lastKnownFileType = text.xcconfig; name = "Pods-VTechnology.debug.xcconfig"; path = "Target Support Files/Pods-VTechnology/Pods-VTechnology.debug.xcconfig"; sourceTree = "<group>"; };
		5709B34CF0A7D63546082F79 /* Pods-VTechnology.release.xcconfig */ = {isa = PBXFileReference; includeInIndex = 1; lastKnownFileType = text.xcconfig; name = "Pods-VTechnology.release.xcconfig"; path = "Target Support Files/Pods-VTechnology/Pods-VTechnology.release.xcconfig"; sourceTree = "<group>"; };
		5B7EB9410499542E8C5724F5 /* Pods-VTechnology-VTechnologyTests.debug.xcconfig */ = {isa = PBXFileReference; includeInIndex = 1; lastKnownFileType = text.xcconfig; name = "Pods-VTechnology-VTechnologyTests.debug.xcconfig"; path = "Target Support Files/Pods-VTechnology-VTechnologyTests/Pods-VTechnology-VTechnologyTests.debug.xcconfig"; sourceTree = "<group>"; };
		5DCACB8F33CDC322A6C60F78 /* libPods-VTechnology.a */ = {isa = PBXFileReference; explicitFileType = archive.ar; includeInIndex = 0; path = "libPods-VTechnology.a"; sourceTree = BUILT_PRODUCTS_DIR; };
		81AB9BB72411601600AC10FF /* LaunchScreen.storyboard */ = {isa = PBXFileReference; fileEncoding = 4; lastKnownFileType = file.storyboard; name = LaunchScreen.storyboard; path = VTechnology/LaunchScreen.storyboard; sourceTree = "<group>"; };
		89C6BE57DB24E9ADA2F236DE /* Pods-VTechnology-VTechnologyTests.release.xcconfig */ = {isa = PBXFileReference; includeInIndex = 1; lastKnownFileType = text.xcconfig; name = "Pods-VTechnology-VTechnologyTests.release.xcconfig"; path = "Target Support Files/Pods-VTechnology-VTechnologyTests/Pods-VTechnology-VTechnologyTests.release.xcconfig"; sourceTree = "<group>"; };
		ED297162215061F000B7C4FE /* JavaScriptCore.framework */ = {isa = PBXFileReference; lastKnownFileType = wrapper.framework; name = JavaScriptCore.framework; path = System/Library/Frameworks/JavaScriptCore.framework; sourceTree = SDKROOT; };
		30D913DEA1EB4981958F70ED /* MuseoModerno-Black.ttf */ = {isa = PBXFileReference; name = "MuseoModerno-Black.ttf"; path = "../assets/fonts/MuseoModerno-Black.ttf"; sourceTree = "<group>"; fileEncoding = undefined; lastKnownFileType = unknown; explicitFileType = undefined; includeInIndex = 0; };
		D73403D3A91A4FE3BE08429C /* MuseoModerno-BlackItalic.ttf */ = {isa = PBXFileReference; name = "MuseoModerno-BlackItalic.ttf"; path = "../assets/fonts/MuseoModerno-BlackItalic.ttf"; sourceTree = "<group>"; fileEncoding = undefined; lastKnownFileType = unknown; explicitFileType = undefined; includeInIndex = 0; };
		BDB73DE4800445B5B9B68860 /* MuseoModerno-Bold.ttf */ = {isa = PBXFileReference; name = "MuseoModerno-Bold.ttf"; path = "../assets/fonts/MuseoModerno-Bold.ttf"; sourceTree = "<group>"; fileEncoding = undefined; lastKnownFileType = unknown; explicitFileType = undefined; includeInIndex = 0; };
		1D763AFA5BC9430D93F1C2A6 /* MuseoModerno-BoldItalic.ttf */ = {isa = PBXFileReference; name = "MuseoModerno-BoldItalic.ttf"; path = "../assets/fonts/MuseoModerno-BoldItalic.ttf"; sourceTree = "<group>"; fileEncoding = undefined; lastKnownFileType = unknown; explicitFileType = undefined; includeInIndex = 0; };
		23EB68C7960B477EBEB4D3B0 /* MuseoModerno-ExtraBold.ttf */ = {isa = PBXFileReference; name = "MuseoModerno-ExtraBold.ttf"; path = "../assets/fonts/MuseoModerno-ExtraBold.ttf"; sourceTree = "<group>"; fileEncoding = undefined; lastKnownFileType = unknown; explicitFileType = undefined; includeInIndex = 0; };
		53F8DAB9020A41C39D795A90 /* MuseoModerno-ExtraBoldItalic.ttf */ = {isa = PBXFileReference; name = "MuseoModerno-ExtraBoldItalic.ttf"; path = "../assets/fonts/MuseoModerno-ExtraBoldItalic.ttf"; sourceTree = "<group>"; fileEncoding = undefined; lastKnownFileType = unknown; explicitFileType = undefined; includeInIndex = 0; };
		E94824C71C164472B449DB6D /* MuseoModerno-ExtraLight.ttf */ = {isa = PBXFileReference; name = "MuseoModerno-ExtraLight.ttf"; path = "../assets/fonts/MuseoModerno-ExtraLight.ttf"; sourceTree = "<group>"; fileEncoding = undefined; lastKnownFileType = unknown; explicitFileType = undefined; includeInIndex = 0; };
		AD61F8AF89714701A1686406 /* MuseoModerno-ExtraLightItalic.ttf */ = {isa = PBXFileReference; name = "MuseoModerno-ExtraLightItalic.ttf"; path = "../assets/fonts/MuseoModerno-ExtraLightItalic.ttf"; sourceTree = "<group>"; fileEncoding = undefined; lastKnownFileType = unknown; explicitFileType = undefined; includeInIndex = 0; };
		17090F19774842D386C5454D /* MuseoModerno-Italic.ttf */ = {isa = PBXFileReference; name = "MuseoModerno-Italic.ttf"; path = "../assets/fonts/MuseoModerno-Italic.ttf"; sourceTree = "<group>"; fileEncoding = undefined; lastKnownFileType = unknown; explicitFileType = undefined; includeInIndex = 0; };
		E6D81410EFC64931AE7E707B /* MuseoModerno-Light.ttf */ = {isa = PBXFileReference; name = "MuseoModerno-Light.ttf"; path = "../assets/fonts/MuseoModerno-Light.ttf"; sourceTree = "<group>"; fileEncoding = undefined; lastKnownFileType = unknown; explicitFileType = undefined; includeInIndex = 0; };
		1C164CE0AC5A4F84830942E1 /* MuseoModerno-LightItalic.ttf */ = {isa = PBXFileReference; name = "MuseoModerno-LightItalic.ttf"; path = "../assets/fonts/MuseoModerno-LightItalic.ttf"; sourceTree = "<group>"; fileEncoding = undefined; lastKnownFileType = unknown; explicitFileType = undefined; includeInIndex = 0; };
		27364E614CA242188F7B714B /* MuseoModerno-Medium.ttf */ = {isa = PBXFileReference; name = "MuseoModerno-Medium.ttf"; path = "../assets/fonts/MuseoModerno-Medium.ttf"; sourceTree = "<group>"; fileEncoding = undefined; lastKnownFileType = unknown; explicitFileType = undefined; includeInIndex = 0; };
		FB75E729B4E741669C9299A6 /* MuseoModerno-MediumItalic.ttf */ = {isa = PBXFileReference; name = "MuseoModerno-MediumItalic.ttf"; path = "../assets/fonts/MuseoModerno-MediumItalic.ttf"; sourceTree = "<group>"; fileEncoding = undefined; lastKnownFileType = unknown; explicitFileType = undefined; includeInIndex = 0; };
		059023F6AA214C4B8C408E49 /* MuseoModerno-Regular.ttf */ = {isa = PBXFileReference; name = "MuseoModerno-Regular.ttf"; path = "../assets/fonts/MuseoModerno-Regular.ttf"; sourceTree = "<group>"; fileEncoding = undefined; lastKnownFileType = unknown; explicitFileType = undefined; includeInIndex = 0; };
		106D803E679C49B58E8FF99D /* MuseoModerno-SemiBold.ttf */ = {isa = PBXFileReference; name = "MuseoModerno-SemiBold.ttf"; path = "../assets/fonts/MuseoModerno-SemiBold.ttf"; sourceTree = "<group>"; fileEncoding = undefined; lastKnownFileType = unknown; explicitFileType = undefined; includeInIndex = 0; };
		E2F5BE4E310746E6BCFCC917 /* MuseoModerno-SemiBoldItalic.ttf */ = {isa = PBXFileReference; name = "MuseoModerno-SemiBoldItalic.ttf"; path = "../assets/fonts/MuseoModerno-SemiBoldItalic.ttf"; sourceTree = "<group>"; fileEncoding = undefined; lastKnownFileType = unknown; explicitFileType = undefined; includeInIndex = 0; };
		15630A5E4B7E4FBC95BA614F /* MuseoModerno-Thin.ttf */ = {isa = PBXFileReference; name = "MuseoModerno-Thin.ttf"; path = "../assets/fonts/MuseoModerno-Thin.ttf"; sourceTree = "<group>"; fileEncoding = undefined; lastKnownFileType = unknown; explicitFileType = undefined; includeInIndex = 0; };
		A788A0926425475E99D6D7FD /* MuseoModerno-ThinItalic.ttf */ = {isa = PBXFileReference; name = "MuseoModerno-ThinItalic.ttf"; path = "../assets/fonts/MuseoModerno-ThinItalic.ttf"; sourceTree = "<group>"; fileEncoding = undefined; lastKnownFileType = unknown; explicitFileType = undefined; includeInIndex = 0; };
		83C0EB57B9044B91ACBFC96D /* SourceSansPro-Black.ttf */ = {isa = PBXFileReference; name = "SourceSansPro-Black.ttf"; path = "../assets/fonts/SourceSansPro-Black.ttf"; sourceTree = "<group>"; fileEncoding = undefined; lastKnownFileType = unknown; explicitFileType = undefined; includeInIndex = 0; };
		ECE2F058659B48148C9DA0EC /* SourceSansPro-BlackItalic.ttf */ = {isa = PBXFileReference; name = "SourceSansPro-BlackItalic.ttf"; path = "../assets/fonts/SourceSansPro-BlackItalic.ttf"; sourceTree = "<group>"; fileEncoding = undefined; lastKnownFileType = unknown; explicitFileType = undefined; includeInIndex = 0; };
		0CFD4259D0C64DDAA20F95B8 /* SourceSansPro-Bold.ttf */ = {isa = PBXFileReference; name = "SourceSansPro-Bold.ttf"; path = "../assets/fonts/SourceSansPro-Bold.ttf"; sourceTree = "<group>"; fileEncoding = undefined; lastKnownFileType = unknown; explicitFileType = undefined; includeInIndex = 0; };
		827573D9D14243CCA883100E /* SourceSansPro-BoldItalic.ttf */ = {isa = PBXFileReference; name = "SourceSansPro-BoldItalic.ttf"; path = "../assets/fonts/SourceSansPro-BoldItalic.ttf"; sourceTree = "<group>"; fileEncoding = undefined; lastKnownFileType = unknown; explicitFileType = undefined; includeInIndex = 0; };
		B4BCD0FF54B64AC1A7F554EA /* SourceSansPro-ExtraLight.ttf */ = {isa = PBXFileReference; name = "SourceSansPro-ExtraLight.ttf"; path = "../assets/fonts/SourceSansPro-ExtraLight.ttf"; sourceTree = "<group>"; fileEncoding = undefined; lastKnownFileType = unknown; explicitFileType = undefined; includeInIndex = 0; };
		05481BAA07454897A6E4028E /* SourceSansPro-ExtraLightItalic.ttf */ = {isa = PBXFileReference; name = "SourceSansPro-ExtraLightItalic.ttf"; path = "../assets/fonts/SourceSansPro-ExtraLightItalic.ttf"; sourceTree = "<group>"; fileEncoding = undefined; lastKnownFileType = unknown; explicitFileType = undefined; includeInIndex = 0; };
		45E3A18C8B0D4DD58080515D /* SourceSansPro-Italic.ttf */ = {isa = PBXFileReference; name = "SourceSansPro-Italic.ttf"; path = "../assets/fonts/SourceSansPro-Italic.ttf"; sourceTree = "<group>"; fileEncoding = undefined; lastKnownFileType = unknown; explicitFileType = undefined; includeInIndex = 0; };
		2A1587F16E654C5D90B4446B /* SourceSansPro-Light.ttf */ = {isa = PBXFileReference; name = "SourceSansPro-Light.ttf"; path = "../assets/fonts/SourceSansPro-Light.ttf"; sourceTree = "<group>"; fileEncoding = undefined; lastKnownFileType = unknown; explicitFileType = undefined; includeInIndex = 0; };
		7AF3A1FF8FB54AC7AA44F344 /* SourceSansPro-LightItalic.ttf */ = {isa = PBXFileReference; name = "SourceSansPro-LightItalic.ttf"; path = "../assets/fonts/SourceSansPro-LightItalic.ttf"; sourceTree = "<group>"; fileEncoding = undefined; lastKnownFileType = unknown; explicitFileType = undefined; includeInIndex = 0; };
		42897E9AED4B45FF9F2C9072 /* SourceSansPro-Regular.ttf */ = {isa = PBXFileReference; name = "SourceSansPro-Regular.ttf"; path = "../assets/fonts/SourceSansPro-Regular.ttf"; sourceTree = "<group>"; fileEncoding = undefined; lastKnownFileType = unknown; explicitFileType = undefined; includeInIndex = 0; };
		755E519899C94C7987CB304C /* SourceSansPro-SemiBold.ttf */ = {isa = PBXFileReference; name = "SourceSansPro-SemiBold.ttf"; path = "../assets/fonts/SourceSansPro-SemiBold.ttf"; sourceTree = "<group>"; fileEncoding = undefined; lastKnownFileType = unknown; explicitFileType = undefined; includeInIndex = 0; };
		EA5F52DDC1084FF8A4112EE5 /* SourceSansPro-SemiBoldItalic.ttf */ = {isa = PBXFileReference; name = "SourceSansPro-SemiBoldItalic.ttf"; path = "../assets/fonts/SourceSansPro-SemiBoldItalic.ttf"; sourceTree = "<group>"; fileEncoding = undefined; lastKnownFileType = unknown; explicitFileType = undefined; includeInIndex = 0; };
/* End PBXFileReference section */

/* Begin PBXFrameworksBuildPhase section */
		00E356EB1AD99517003FC87E /* Frameworks */ = {
			isa = PBXFrameworksBuildPhase;
			buildActionMask = 2147483647;
			files = (
				7699B88040F8A987B510C191 /* libPods-VTechnology-VTechnologyTests.a in Frameworks */,
			);
			runOnlyForDeploymentPostprocessing = 0;
		};
		13B07F8C1A680F5B00A75B9A /* Frameworks */ = {
			isa = PBXFrameworksBuildPhase;
			buildActionMask = 2147483647;
			files = (
				0C80B921A6F3F58F76C31292 /* libPods-VTechnology.a in Frameworks */,
			);
			runOnlyForDeploymentPostprocessing = 0;
		};
/* End PBXFrameworksBuildPhase section */

/* Begin PBXGroup section */
		00E356EF1AD99517003FC87E /* VTechnologyTests */ = {
			isa = PBXGroup;
			children = (
				00E356F21AD99517003FC87E /* VTechnologyTests.m */,
				00E356F01AD99517003FC87E /* Supporting Files */,
			);
			path = VTechnologyTests;
			sourceTree = "<group>";
		};
		00E356F01AD99517003FC87E /* Supporting Files */ = {
			isa = PBXGroup;
			children = (
				00E356F11AD99517003FC87E /* Info.plist */,
			);
			name = "Supporting Files";
			sourceTree = "<group>";
		};
		13B07FAE1A68108700A75B9A /* VTechnology */ = {
			isa = PBXGroup;
			children = (
				13B07FAF1A68108700A75B9A /* AppDelegate.h */,
				13B07FB01A68108700A75B9A /* AppDelegate.mm */,
				13B07FB51A68108700A75B9A /* Images.xcassets */,
				13B07FB61A68108700A75B9A /* Info.plist */,
				81AB9BB72411601600AC10FF /* LaunchScreen.storyboard */,
				13B07FB71A68108700A75B9A /* main.m */,
			);
			name = VTechnology;
			sourceTree = "<group>";
		};
		2D16E6871FA4F8E400B85C8A /* Frameworks */ = {
			isa = PBXGroup;
			children = (
				ED297162215061F000B7C4FE /* JavaScriptCore.framework */,
				5DCACB8F33CDC322A6C60F78 /* libPods-VTechnology.a */,
				19F6CBCC0A4E27FBF8BF4A61 /* libPods-VTechnology-VTechnologyTests.a */,
			);
			name = Frameworks;
			sourceTree = "<group>";
		};
		832341AE1AAA6A7D00B99B32 /* Libraries */ = {
			isa = PBXGroup;
			children = (
			);
			name = Libraries;
			sourceTree = "<group>";
		};
		83CBB9F61A601CBA00E9B192 = {
			isa = PBXGroup;
			children = (
				13B07FAE1A68108700A75B9A /* VTechnology */,
				832341AE1AAA6A7D00B99B32 /* Libraries */,
				00E356EF1AD99517003FC87E /* VTechnologyTests */,
				83CBBA001A601CBA00E9B192 /* Products */,
				2D16E6871FA4F8E400B85C8A /* Frameworks */,
				BBD78D7AC51CEA395F1C20DB /* Pods */,
				CC5CED2DB2F44FA993A8C883 /* Resources */,
			);
			indentWidth = 2;
			sourceTree = "<group>";
			tabWidth = 2;
			usesTabs = 0;
		};
		83CBBA001A601CBA00E9B192 /* Products */ = {
			isa = PBXGroup;
			children = (
				13B07F961A680F5B00A75B9A /* VTechnology.app */,
				00E356EE1AD99517003FC87E /* VTechnologyTests.xctest */,
			);
			name = Products;
			sourceTree = "<group>";
		};
		BBD78D7AC51CEA395F1C20DB /* Pods */ = {
			isa = PBXGroup;
			children = (
				3B4392A12AC88292D35C810B /* Pods-VTechnology.debug.xcconfig */,
				5709B34CF0A7D63546082F79 /* Pods-VTechnology.release.xcconfig */,
				5B7EB9410499542E8C5724F5 /* Pods-VTechnology-VTechnologyTests.debug.xcconfig */,
				89C6BE57DB24E9ADA2F236DE /* Pods-VTechnology-VTechnologyTests.release.xcconfig */,
			);
			path = Pods;
			sourceTree = "<group>";
		};
		CC5CED2DB2F44FA993A8C883 /* Resources */ = {
			isa = "PBXGroup";
			children = (
				30D913DEA1EB4981958F70ED /* MuseoModerno-Black.ttf */,
				D73403D3A91A4FE3BE08429C /* MuseoModerno-BlackItalic.ttf */,
				BDB73DE4800445B5B9B68860 /* MuseoModerno-Bold.ttf */,
				1D763AFA5BC9430D93F1C2A6 /* MuseoModerno-BoldItalic.ttf */,
				23EB68C7960B477EBEB4D3B0 /* MuseoModerno-ExtraBold.ttf */,
				53F8DAB9020A41C39D795A90 /* MuseoModerno-ExtraBoldItalic.ttf */,
				E94824C71C164472B449DB6D /* MuseoModerno-ExtraLight.ttf */,
				AD61F8AF89714701A1686406 /* MuseoModerno-ExtraLightItalic.ttf */,
				17090F19774842D386C5454D /* MuseoModerno-Italic.ttf */,
				E6D81410EFC64931AE7E707B /* MuseoModerno-Light.ttf */,
				1C164CE0AC5A4F84830942E1 /* MuseoModerno-LightItalic.ttf */,
				27364E614CA242188F7B714B /* MuseoModerno-Medium.ttf */,
				FB75E729B4E741669C9299A6 /* MuseoModerno-MediumItalic.ttf */,
				059023F6AA214C4B8C408E49 /* MuseoModerno-Regular.ttf */,
				106D803E679C49B58E8FF99D /* MuseoModerno-SemiBold.ttf */,
				E2F5BE4E310746E6BCFCC917 /* MuseoModerno-SemiBoldItalic.ttf */,
				15630A5E4B7E4FBC95BA614F /* MuseoModerno-Thin.ttf */,
				A788A0926425475E99D6D7FD /* MuseoModerno-ThinItalic.ttf */,
				83C0EB57B9044B91ACBFC96D /* SourceSansPro-Black.ttf */,
				ECE2F058659B48148C9DA0EC /* SourceSansPro-BlackItalic.ttf */,
				0CFD4259D0C64DDAA20F95B8 /* SourceSansPro-Bold.ttf */,
				827573D9D14243CCA883100E /* SourceSansPro-BoldItalic.ttf */,
				B4BCD0FF54B64AC1A7F554EA /* SourceSansPro-ExtraLight.ttf */,
				05481BAA07454897A6E4028E /* SourceSansPro-ExtraLightItalic.ttf */,
				45E3A18C8B0D4DD58080515D /* SourceSansPro-Italic.ttf */,
				2A1587F16E654C5D90B4446B /* SourceSansPro-Light.ttf */,
				7AF3A1FF8FB54AC7AA44F344 /* SourceSansPro-LightItalic.ttf */,
				42897E9AED4B45FF9F2C9072 /* SourceSansPro-Regular.ttf */,
				755E519899C94C7987CB304C /* SourceSansPro-SemiBold.ttf */,
				EA5F52DDC1084FF8A4112EE5 /* SourceSansPro-SemiBoldItalic.ttf */,
			);
			name = Resources;
			sourceTree = "<group>";
			path = "";
		};
/* End PBXGroup section */

/* Begin PBXNativeTarget section */
		00E356ED1AD99517003FC87E /* VTechnologyTests */ = {
			isa = PBXNativeTarget;
			buildConfigurationList = 00E357021AD99517003FC87E /* Build configuration list for PBXNativeTarget "VTechnologyTests" */;
			buildPhases = (
				A55EABD7B0C7F3A422A6CC61 /* [CP] Check Pods Manifest.lock */,
				00E356EA1AD99517003FC87E /* Sources */,
				00E356EB1AD99517003FC87E /* Frameworks */,
				00E356EC1AD99517003FC87E /* Resources */,
				C59DA0FBD6956966B86A3779 /* [CP] Embed Pods Frameworks */,
				F6A41C54EA430FDDC6A6ED99 /* [CP] Copy Pods Resources */,
			);
			buildRules = (
			);
			dependencies = (
				00E356F51AD99517003FC87E /* PBXTargetDependency */,
			);
			name = VTechnologyTests;
			productName = VTechnologyTests;
			productReference = 00E356EE1AD99517003FC87E /* VTechnologyTests.xctest */;
			productType = "com.apple.product-type.bundle.unit-test";
		};
		13B07F861A680F5B00A75B9A /* VTechnology */ = {
			isa = PBXNativeTarget;
			buildConfigurationList = 13B07F931A680F5B00A75B9A /* Build configuration list for PBXNativeTarget "VTechnology" */;
			buildPhases = (
				C38B50BA6285516D6DCD4F65 /* [CP] Check Pods Manifest.lock */,
				FD10A7F022414F080027D42C /* Start Packager */,
				13B07F871A680F5B00A75B9A /* Sources */,
				13B07F8C1A680F5B00A75B9A /* Frameworks */,
				13B07F8E1A680F5B00A75B9A /* Resources */,
				00DD1BFF1BD5951E006B06BC /* Bundle React Native code and images */,
				00EEFC60759A1932668264C0 /* [CP] Embed Pods Frameworks */,
				E235C05ADACE081382539298 /* [CP] Copy Pods Resources */,
			);
			buildRules = (
			);
			dependencies = (
			);
			name = VTechnology;
			productName = VTechnology;
			productReference = 13B07F961A680F5B00A75B9A /* VTechnology.app */;
			productType = "com.apple.product-type.application";
		};
/* End PBXNativeTarget section */

/* Begin PBXProject section */
		83CBB9F71A601CBA00E9B192 /* Project object */ = {
			isa = PBXProject;
			attributes = {
				LastUpgradeCheck = 1210;
				TargetAttributes = {
					00E356ED1AD99517003FC87E = {
						CreatedOnToolsVersion = 6.2;
						TestTargetID = 13B07F861A680F5B00A75B9A;
					};
					13B07F861A680F5B00A75B9A = {
						LastSwiftMigration = 1120;
					};
				};
			};
			buildConfigurationList = 83CBB9FA1A601CBA00E9B192 /* Build configuration list for PBXProject "VTechnology" */;
			compatibilityVersion = "Xcode 12.0";
			developmentRegion = en;
			hasScannedForEncodings = 0;
			knownRegions = (
				en,
				Base,
			);
			mainGroup = 83CBB9F61A601CBA00E9B192;
			productRefGroup = 83CBBA001A601CBA00E9B192 /* Products */;
			projectDirPath = "";
			projectRoot = "";
			targets = (
				13B07F861A680F5B00A75B9A /* VTechnology */,
				00E356ED1AD99517003FC87E /* VTechnologyTests */,
			);
		};
/* End PBXProject section */

/* Begin PBXResourcesBuildPhase section */
		00E356EC1AD99517003FC87E /* Resources */ = {
			isa = PBXResourcesBuildPhase;
			buildActionMask = 2147483647;
			files = (
			);
			runOnlyForDeploymentPostprocessing = 0;
		};
		13B07F8E1A680F5B00A75B9A /* Resources */ = {
			isa = PBXResourcesBuildPhase;
			buildActionMask = 2147483647;
			files = (
				81AB9BB82411601600AC10FF /* LaunchScreen.storyboard in Resources */,
				13B07FBF1A68108700A75B9A /* Images.xcassets in Resources */,
				8C210CBA50C84D59B1E3FE12 /* MuseoModerno-Black.ttf in Resources */,
				347D882909DD44668FCAA7F0 /* MuseoModerno-BlackItalic.ttf in Resources */,
				103B7A8F3DDA4C05BCA3129D /* MuseoModerno-Bold.ttf in Resources */,
				FFD67CBBF4D34AEAB5B617B5 /* MuseoModerno-BoldItalic.ttf in Resources */,
				D5910B30376C4203947616AB /* MuseoModerno-ExtraBold.ttf in Resources */,
				27B600B05E514094ABF462D2 /* MuseoModerno-ExtraBoldItalic.ttf in Resources */,
				4A06A07E709C40D7B550904C /* MuseoModerno-ExtraLight.ttf in Resources */,
				F314BECEFB7D4FE1A852BEA1 /* MuseoModerno-ExtraLightItalic.ttf in Resources */,
				D4C18A7F17734AE0A2CEE242 /* MuseoModerno-Italic.ttf in Resources */,
				86EA97FB8CB34AEF8AD12D4D /* MuseoModerno-Light.ttf in Resources */,
				B8D0BE688D884A379111BDD8 /* MuseoModerno-LightItalic.ttf in Resources */,
				C1960097100A4BA98FDA5F66 /* MuseoModerno-Medium.ttf in Resources */,
				C109B13A9AC448CB9892A2DA /* MuseoModerno-MediumItalic.ttf in Resources */,
				37C0951257D44AF3A0298F57 /* MuseoModerno-Regular.ttf in Resources */,
				5D94F1C1C90246B58C774318 /* MuseoModerno-SemiBold.ttf in Resources */,
				369FD26BE6C44A32ADA6943B /* MuseoModerno-SemiBoldItalic.ttf in Resources */,
				F05CCEC1E9DF4559B27A9C58 /* MuseoModerno-Thin.ttf in Resources */,
				5AD06E94DAAD4820A720FD51 /* MuseoModerno-ThinItalic.ttf in Resources */,
				86E4359FB7504B1787BBE5F5 /* SourceSansPro-Black.ttf in Resources */,
				2D7FD57B81EE4ED0BACEB995 /* SourceSansPro-BlackItalic.ttf in Resources */,
				F540361EBD0A46689A9451C8 /* SourceSansPro-Bold.ttf in Resources */,
				E46AD9B1CDDB483AA9037ACF /* SourceSansPro-BoldItalic.ttf in Resources */,
				F049E26932B2495D8A476B57 /* SourceSansPro-ExtraLight.ttf in Resources */,
				81C03EDADA2F488080B290FE /* SourceSansPro-ExtraLightItalic.ttf in Resources */,
				78A59F0DC7654870AB348751 /* SourceSansPro-Italic.ttf in Resources */,
				31D69C1AFE774344979651F4 /* SourceSansPro-Light.ttf in Resources */,
				210DE0A25D224324815988FE /* SourceSansPro-LightItalic.ttf in Resources */,
				B1E84FC75F0C48A7AEB982AF /* SourceSansPro-Regular.ttf in Resources */,
				90A6908AC4FC4A40A84E54CF /* SourceSansPro-SemiBold.ttf in Resources */,
				BBDE105A0C8C4AE89C7E3AF2 /* SourceSansPro-SemiBoldItalic.ttf in Resources */,
			);
			runOnlyForDeploymentPostprocessing = 0;
		};
/* End PBXResourcesBuildPhase section */

/* Begin PBXShellScriptBuildPhase section */
		00DD1BFF1BD5951E006B06BC /* Bundle React Native code and images */ = {
			isa = PBXShellScriptBuildPhase;
			buildActionMask = 2147483647;
			files = (
			);
			inputPaths = (
				"$(SRCROOT)/.xcode.env.local",
				"$(SRCROOT)/.xcode.env",
			);
			name = "Bundle React Native code and images";
			outputPaths = (
			);
			runOnlyForDeploymentPostprocessing = 0;
			shellPath = /bin/sh;
			shellScript = "set -e\n\nWITH_ENVIRONMENT=\"../node_modules/react-native/scripts/xcode/with-environment.sh\"\nREACT_NATIVE_XCODE=\"../node_modules/react-native/scripts/react-native-xcode.sh\"\n\n/bin/sh -c \"$WITH_ENVIRONMENT $REACT_NATIVE_XCODE\"\n";
		};
		00EEFC60759A1932668264C0 /* [CP] Embed Pods Frameworks */ = {
			isa = PBXShellScriptBuildPhase;
			buildActionMask = 2147483647;
			files = (
			);
			inputFileListPaths = (
				"${PODS_ROOT}/Target Support Files/Pods-VTechnology/Pods-VTechnology-frameworks-${CONFIGURATION}-input-files.xcfilelist",
			);
			name = "[CP] Embed Pods Frameworks";
			outputFileListPaths = (
				"${PODS_ROOT}/Target Support Files/Pods-VTechnology/Pods-VTechnology-frameworks-${CONFIGURATION}-output-files.xcfilelist",
			);
			runOnlyForDeploymentPostprocessing = 0;
			shellPath = /bin/sh;
			shellScript = "\"${PODS_ROOT}/Target Support Files/Pods-VTechnology/Pods-VTechnology-frameworks.sh\"\n";
			showEnvVarsInLog = 0;
		};
		A55EABD7B0C7F3A422A6CC61 /* [CP] Check Pods Manifest.lock */ = {
			isa = PBXShellScriptBuildPhase;
			buildActionMask = 2147483647;
			files = (
			);
			inputFileListPaths = (
			);
			inputPaths = (
				"${PODS_PODFILE_DIR_PATH}/Podfile.lock",
				"${PODS_ROOT}/Manifest.lock",
			);
			name = "[CP] Check Pods Manifest.lock";
			outputFileListPaths = (
			);
			outputPaths = (
				"$(DERIVED_FILE_DIR)/Pods-VTechnology-VTechnologyTests-checkManifestLockResult.txt",
			);
			runOnlyForDeploymentPostprocessing = 0;
			shellPath = /bin/sh;
			shellScript = "diff \"${PODS_PODFILE_DIR_PATH}/Podfile.lock\" \"${PODS_ROOT}/Manifest.lock\" > /dev/null\nif [ $? != 0 ] ; then\n    # print error to STDERR\n    echo \"error: The sandbox is not in sync with the Podfile.lock. Run 'pod install' or update your CocoaPods installation.\" >&2\n    exit 1\nfi\n# This output is used by Xcode 'outputs' to avoid re-running this script phase.\necho \"SUCCESS\" > \"${SCRIPT_OUTPUT_FILE_0}\"\n";
			showEnvVarsInLog = 0;
		};
		C38B50BA6285516D6DCD4F65 /* [CP] Check Pods Manifest.lock */ = {
			isa = PBXShellScriptBuildPhase;
			buildActionMask = 2147483647;
			files = (
			);
			inputFileListPaths = (
			);
			inputPaths = (
				"${PODS_PODFILE_DIR_PATH}/Podfile.lock",
				"${PODS_ROOT}/Manifest.lock",
			);
			name = "[CP] Check Pods Manifest.lock";
			outputFileListPaths = (
			);
			outputPaths = (
				"$(DERIVED_FILE_DIR)/Pods-VTechnology-checkManifestLockResult.txt",
			);
			runOnlyForDeploymentPostprocessing = 0;
			shellPath = /bin/sh;
			shellScript = "diff \"${PODS_PODFILE_DIR_PATH}/Podfile.lock\" \"${PODS_ROOT}/Manifest.lock\" > /dev/null\nif [ $? != 0 ] ; then\n    # print error to STDERR\n    echo \"error: The sandbox is not in sync with the Podfile.lock. Run 'pod install' or update your CocoaPods installation.\" >&2\n    exit 1\nfi\n# This output is used by Xcode 'outputs' to avoid re-running this script phase.\necho \"SUCCESS\" > \"${SCRIPT_OUTPUT_FILE_0}\"\n";
			showEnvVarsInLog = 0;
		};
		C59DA0FBD6956966B86A3779 /* [CP] Embed Pods Frameworks */ = {
			isa = PBXShellScriptBuildPhase;
			buildActionMask = 2147483647;
			files = (
			);
			inputFileListPaths = (
				"${PODS_ROOT}/Target Support Files/Pods-VTechnology-VTechnologyTests/Pods-VTechnology-VTechnologyTests-frameworks-${CONFIGURATION}-input-files.xcfilelist",
			);
			name = "[CP] Embed Pods Frameworks";
			outputFileListPaths = (
				"${PODS_ROOT}/Target Support Files/Pods-VTechnology-VTechnologyTests/Pods-VTechnology-VTechnologyTests-frameworks-${CONFIGURATION}-output-files.xcfilelist",
			);
			runOnlyForDeploymentPostprocessing = 0;
			shellPath = /bin/sh;
			shellScript = "\"${PODS_ROOT}/Target Support Files/Pods-VTechnology-VTechnologyTests/Pods-VTechnology-VTechnologyTests-frameworks.sh\"\n";
			showEnvVarsInLog = 0;
		};
		E235C05ADACE081382539298 /* [CP] Copy Pods Resources */ = {
			isa = PBXShellScriptBuildPhase;
			buildActionMask = 2147483647;
			files = (
			);
			inputFileListPaths = (
				"${PODS_ROOT}/Target Support Files/Pods-VTechnology/Pods-VTechnology-resources-${CONFIGURATION}-input-files.xcfilelist",
			);
			name = "[CP] Copy Pods Resources";
			outputFileListPaths = (
				"${PODS_ROOT}/Target Support Files/Pods-VTechnology/Pods-VTechnology-resources-${CONFIGURATION}-output-files.xcfilelist",
			);
			runOnlyForDeploymentPostprocessing = 0;
			shellPath = /bin/sh;
			shellScript = "\"${PODS_ROOT}/Target Support Files/Pods-VTechnology/Pods-VTechnology-resources.sh\"\n";
			showEnvVarsInLog = 0;
		};
		F6A41C54EA430FDDC6A6ED99 /* [CP] Copy Pods Resources */ = {
			isa = PBXShellScriptBuildPhase;
			buildActionMask = 2147483647;
			files = (
			);
			inputFileListPaths = (
				"${PODS_ROOT}/Target Support Files/Pods-VTechnology-VTechnologyTests/Pods-VTechnology-VTechnologyTests-resources-${CONFIGURATION}-input-files.xcfilelist",
			);
			name = "[CP] Copy Pods Resources";
			outputFileListPaths = (
				"${PODS_ROOT}/Target Support Files/Pods-VTechnology-VTechnologyTests/Pods-VTechnology-VTechnologyTests-resources-${CONFIGURATION}-output-files.xcfilelist",
			);
			runOnlyForDeploymentPostprocessing = 0;
			shellPath = /bin/sh;
			shellScript = "\"${PODS_ROOT}/Target Support Files/Pods-VTechnology-VTechnologyTests/Pods-VTechnology-VTechnologyTests-resources.sh\"\n";
			showEnvVarsInLog = 0;
		};
		FD10A7F022414F080027D42C /* Start Packager */ = {
			isa = PBXShellScriptBuildPhase;
			buildActionMask = 2147483647;
			files = (
			);
			inputFileListPaths = (
			);
			inputPaths = (
			);
			name = "Start Packager";
			outputFileListPaths = (
			);
			outputPaths = (
			);
			runOnlyForDeploymentPostprocessing = 0;
			shellPath = /bin/sh;
			shellScript = "export RCT_METRO_PORT=\"${RCT_METRO_PORT:=8081}\"\necho \"export RCT_METRO_PORT=${RCT_METRO_PORT}\" > \"${SRCROOT}/../node_modules/react-native/scripts/.packager.env\"\nif [ -z \"${RCT_NO_LAUNCH_PACKAGER+xxx}\" ] ; then\n  if nc -w 5 -z localhost ${RCT_METRO_PORT} ; then\n    if ! curl -s \"http://localhost:${RCT_METRO_PORT}/status\" | grep -q \"packager-status:running\" ; then\n      echo \"Port ${RCT_METRO_PORT} already in use, packager is either not running or not running correctly\"\n      exit 2\n    fi\n  else\n    open \"$SRCROOT/../node_modules/react-native/scripts/launchPackager.command\" || echo \"Can't start packager automatically\"\n  fi\nfi\n";
			showEnvVarsInLog = 0;
		};
/* End PBXShellScriptBuildPhase section */

/* Begin PBXSourcesBuildPhase section */
		00E356EA1AD99517003FC87E /* Sources */ = {
			isa = PBXSourcesBuildPhase;
			buildActionMask = 2147483647;
			files = (
				00E356F31AD99517003FC87E /* VTechnologyTests.m in Sources */,
			);
			runOnlyForDeploymentPostprocessing = 0;
		};
		13B07F871A680F5B00A75B9A /* Sources */ = {
			isa = PBXSourcesBuildPhase;
			buildActionMask = 2147483647;
			files = (
				13B07FBC1A68108700A75B9A /* AppDelegate.mm in Sources */,
				13B07FC11A68108700A75B9A /* main.m in Sources */,
			);
			runOnlyForDeploymentPostprocessing = 0;
		};
/* End PBXSourcesBuildPhase section */

/* Begin PBXTargetDependency section */
		00E356F51AD99517003FC87E /* PBXTargetDependency */ = {
			isa = PBXTargetDependency;
			target = 13B07F861A680F5B00A75B9A /* VTechnology */;
			targetProxy = 00E356F41AD99517003FC87E /* PBXContainerItemProxy */;
		};
/* End PBXTargetDependency section */

/* Begin XCBuildConfiguration section */
		00E356F61AD99517003FC87E /* Debug */ = {
			isa = XCBuildConfiguration;
			baseConfigurationReference = 5B7EB9410499542E8C5724F5 /* Pods-VTechnology-VTechnologyTests.debug.xcconfig */;
			buildSettings = {
				BUNDLE_LOADER = "$(TEST_HOST)";
				GCC_PREPROCESSOR_DEFINITIONS = (
					"DEBUG=1",
					"$(inherited)",
				);
				INFOPLIST_FILE = VTechnologyTests/Info.plist;
				IPHONEOS_DEPLOYMENT_TARGET = 12.4;
				LD_RUNPATH_SEARCH_PATHS = (
					"$(inherited)",
					"@executable_path/Frameworks",
					"@loader_path/Frameworks",
				);
				OTHER_LDFLAGS = (
					"-ObjC",
					"-lc++",
					"$(inherited)",
				);
				PRODUCT_BUNDLE_IDENTIFIER = "org.reactjs.native.example.$(PRODUCT_NAME:rfc1034identifier)";
				PRODUCT_NAME = "$(TARGET_NAME)";
				TEST_HOST = "$(BUILT_PRODUCTS_DIR)/VTechnology.app/VTechnology";
			};
			name = Debug;
		};
		00E356F71AD99517003FC87E /* Release */ = {
			isa = XCBuildConfiguration;
			baseConfigurationReference = 89C6BE57DB24E9ADA2F236DE /* Pods-VTechnology-VTechnologyTests.release.xcconfig */;
			buildSettings = {
				BUNDLE_LOADER = "$(TEST_HOST)";
				COPY_PHASE_STRIP = NO;
				INFOPLIST_FILE = VTechnologyTests/Info.plist;
				IPHONEOS_DEPLOYMENT_TARGET = 12.4;
				LD_RUNPATH_SEARCH_PATHS = (
					"$(inherited)",
					"@executable_path/Frameworks",
					"@loader_path/Frameworks",
				);
				OTHER_LDFLAGS = (
					"-ObjC",
					"-lc++",
					"$(inherited)",
				);
				PRODUCT_BUNDLE_IDENTIFIER = "org.reactjs.native.example.$(PRODUCT_NAME:rfc1034identifier)";
				PRODUCT_NAME = "$(TARGET_NAME)";
				TEST_HOST = "$(BUILT_PRODUCTS_DIR)/VTechnology.app/VTechnology";
			};
			name = Release;
		};
		13B07F941A680F5B00A75B9A /* Debug */ = {
			isa = XCBuildConfiguration;
			baseConfigurationReference = 3B4392A12AC88292D35C810B /* Pods-VTechnology.debug.xcconfig */;
			buildSettings = {
				ASSETCATALOG_COMPILER_APPICON_NAME = AppIcon;
				CLANG_ENABLE_MODULES = YES;
				CURRENT_PROJECT_VERSION = 1;
				ENABLE_BITCODE = NO;
				INFOPLIST_FILE = VTechnology/Info.plist;
				LD_RUNPATH_SEARCH_PATHS = (
					"$(inherited)",
					"@executable_path/Frameworks",
				);
				OTHER_LDFLAGS = (
					"$(inherited)",
					"-ObjC",
					"-lc++",
				);
				PRODUCT_BUNDLE_IDENTIFIER = "org.reactjs.native.example.$(PRODUCT_NAME:rfc1034identifier)";
				PRODUCT_NAME = VTechnology;
				SWIFT_OPTIMIZATION_LEVEL = "-Onone";
				SWIFT_VERSION = 5.0;
				VERSIONING_SYSTEM = "apple-generic";
			};
			name = Debug;
		};
		13B07F951A680F5B00A75B9A /* Release */ = {
			isa = XCBuildConfiguration;
			baseConfigurationReference = 5709B34CF0A7D63546082F79 /* Pods-VTechnology.release.xcconfig */;
			buildSettings = {
				ASSETCATALOG_COMPILER_APPICON_NAME = AppIcon;
				CLANG_ENABLE_MODULES = YES;
				CURRENT_PROJECT_VERSION = 1;
				INFOPLIST_FILE = VTechnology/Info.plist;
				LD_RUNPATH_SEARCH_PATHS = (
					"$(inherited)",
					"@executable_path/Frameworks",
				);
				OTHER_LDFLAGS = (
					"$(inherited)",
					"-ObjC",
					"-lc++",
				);
				PRODUCT_BUNDLE_IDENTIFIER = "org.reactjs.native.example.$(PRODUCT_NAME:rfc1034identifier)";
				PRODUCT_NAME = VTechnology;
				SWIFT_VERSION = 5.0;
				VERSIONING_SYSTEM = "apple-generic";
			};
			name = Release;
		};
		83CBBA201A601CBA00E9B192 /* Debug */ = {
			isa = XCBuildConfiguration;
			buildSettings = {
				ALWAYS_SEARCH_USER_PATHS = NO;
				CLANG_ANALYZER_LOCALIZABILITY_NONLOCALIZED = YES;
				CLANG_CXX_LANGUAGE_STANDARD = "c++17";
				CLANG_CXX_LIBRARY = "libc++";
				CLANG_ENABLE_MODULES = YES;
				CLANG_ENABLE_OBJC_ARC = YES;
				CLANG_WARN_BLOCK_CAPTURE_AUTORELEASING = YES;
				CLANG_WARN_BOOL_CONVERSION = YES;
				CLANG_WARN_COMMA = YES;
				CLANG_WARN_CONSTANT_CONVERSION = YES;
				CLANG_WARN_DEPRECATED_OBJC_IMPLEMENTATIONS = YES;
				CLANG_WARN_DIRECT_OBJC_ISA_USAGE = YES_ERROR;
				CLANG_WARN_EMPTY_BODY = YES;
				CLANG_WARN_ENUM_CONVERSION = YES;
				CLANG_WARN_INFINITE_RECURSION = YES;
				CLANG_WARN_INT_CONVERSION = YES;
				CLANG_WARN_NON_LITERAL_NULL_CONVERSION = YES;
				CLANG_WARN_OBJC_IMPLICIT_RETAIN_SELF = YES;
				CLANG_WARN_OBJC_LITERAL_CONVERSION = YES;
				CLANG_WARN_OBJC_ROOT_CLASS = YES_ERROR;
				CLANG_WARN_QUOTED_INCLUDE_IN_FRAMEWORK_HEADER = YES;
				CLANG_WARN_RANGE_LOOP_ANALYSIS = YES;
				CLANG_WARN_STRICT_PROTOTYPES = YES;
				CLANG_WARN_SUSPICIOUS_MOVE = YES;
				CLANG_WARN_UNREACHABLE_CODE = YES;
				CLANG_WARN__DUPLICATE_METHOD_MATCH = YES;
				"CODE_SIGN_IDENTITY[sdk=iphoneos*]" = "iPhone Developer";
				COPY_PHASE_STRIP = NO;
				ENABLE_STRICT_OBJC_MSGSEND = YES;
				ENABLE_TESTABILITY = YES;
				"EXCLUDED_ARCHS[sdk=iphonesimulator*]" = "";
				GCC_C_LANGUAGE_STANDARD = gnu99;
				GCC_DYNAMIC_NO_PIC = NO;
				GCC_NO_COMMON_BLOCKS = YES;
				GCC_OPTIMIZATION_LEVEL = 0;
				GCC_PREPROCESSOR_DEFINITIONS = (
					"DEBUG=1",
					"$(inherited)",
				);
				GCC_SYMBOLS_PRIVATE_EXTERN = NO;
				GCC_WARN_64_TO_32_BIT_CONVERSION = YES;
				GCC_WARN_ABOUT_RETURN_TYPE = YES_ERROR;
				GCC_WARN_UNDECLARED_SELECTOR = YES;
				GCC_WARN_UNINITIALIZED_AUTOS = YES_AGGRESSIVE;
				GCC_WARN_UNUSED_FUNCTION = YES;
				GCC_WARN_UNUSED_VARIABLE = YES;
				IPHONEOS_DEPLOYMENT_TARGET = 12.4;
				LD_RUNPATH_SEARCH_PATHS = (
					/usr/lib/swift,
					"$(inherited)",
				);
				LIBRARY_SEARCH_PATHS = (
					"\"$(SDKROOT)/usr/lib/swift\"",
					"\"$(TOOLCHAIN_DIR)/usr/lib/swift/$(PLATFORM_NAME)\"",
					"\"$(inherited)\"",
				);
				MTL_ENABLE_DEBUG_INFO = YES;
				ONLY_ACTIVE_ARCH = YES;
				OTHER_CPLUSPLUSFLAGS = (
					"$(OTHER_CFLAGS)",
					"-DFOLLY_NO_CONFIG",
					"-DFOLLY_MOBILE=1",
					"-DFOLLY_USE_LIBCPP=1",
				);
				SDKROOT = iphoneos;
			};
			name = Debug;
		};
		83CBBA211A601CBA00E9B192 /* Release */ = {
			isa = XCBuildConfiguration;
			buildSettings = {
				ALWAYS_SEARCH_USER_PATHS = NO;
				CLANG_ANALYZER_LOCALIZABILITY_NONLOCALIZED = YES;
				CLANG_CXX_LANGUAGE_STANDARD = "c++17";
				CLANG_CXX_LIBRARY = "libc++";
				CLANG_ENABLE_MODULES = YES;
				CLANG_ENABLE_OBJC_ARC = YES;
				CLANG_WARN_BLOCK_CAPTURE_AUTORELEASING = YES;
				CLANG_WARN_BOOL_CONVERSION = YES;
				CLANG_WARN_COMMA = YES;
				CLANG_WARN_CONSTANT_CONVERSION = YES;
				CLANG_WARN_DEPRECATED_OBJC_IMPLEMENTATIONS = YES;
				CLANG_WARN_DIRECT_OBJC_ISA_USAGE = YES_ERROR;
				CLANG_WARN_EMPTY_BODY = YES;
				CLANG_WARN_ENUM_CONVERSION = YES;
				CLANG_WARN_INFINITE_RECURSION = YES;
				CLANG_WARN_INT_CONVERSION = YES;
				CLANG_WARN_NON_LITERAL_NULL_CONVERSION = YES;
				CLANG_WARN_OBJC_IMPLICIT_RETAIN_SELF = YES;
				CLANG_WARN_OBJC_LITERAL_CONVERSION = YES;
				CLANG_WARN_OBJC_ROOT_CLASS = YES_ERROR;
				CLANG_WARN_QUOTED_INCLUDE_IN_FRAMEWORK_HEADER = YES;
				CLANG_WARN_RANGE_LOOP_ANALYSIS = YES;
				CLANG_WARN_STRICT_PROTOTYPES = YES;
				CLANG_WARN_SUSPICIOUS_MOVE = YES;
				CLANG_WARN_UNREACHABLE_CODE = YES;
				CLANG_WARN__DUPLICATE_METHOD_MATCH = YES;
				"CODE_SIGN_IDENTITY[sdk=iphoneos*]" = "iPhone Developer";
				COPY_PHASE_STRIP = YES;
				ENABLE_NS_ASSERTIONS = NO;
				ENABLE_STRICT_OBJC_MSGSEND = YES;
				"EXCLUDED_ARCHS[sdk=iphonesimulator*]" = "";
				GCC_C_LANGUAGE_STANDARD = gnu99;
				GCC_NO_COMMON_BLOCKS = YES;
				GCC_WARN_64_TO_32_BIT_CONVERSION = YES;
				GCC_WARN_ABOUT_RETURN_TYPE = YES_ERROR;
				GCC_WARN_UNDECLARED_SELECTOR = YES;
				GCC_WARN_UNINITIALIZED_AUTOS = YES_AGGRESSIVE;
				GCC_WARN_UNUSED_FUNCTION = YES;
				GCC_WARN_UNUSED_VARIABLE = YES;
				IPHONEOS_DEPLOYMENT_TARGET = 12.4;
				LD_RUNPATH_SEARCH_PATHS = (
					/usr/lib/swift,
					"$(inherited)",
				);
				LIBRARY_SEARCH_PATHS = (
					"\"$(SDKROOT)/usr/lib/swift\"",
					"\"$(TOOLCHAIN_DIR)/usr/lib/swift/$(PLATFORM_NAME)\"",
					"\"$(inherited)\"",
				);
				MTL_ENABLE_DEBUG_INFO = NO;
				OTHER_CPLUSPLUSFLAGS = (
					"$(OTHER_CFLAGS)",
					"-DFOLLY_NO_CONFIG",
					"-DFOLLY_MOBILE=1",
					"-DFOLLY_USE_LIBCPP=1",
				);
				SDKROOT = iphoneos;
				VALIDATE_PRODUCT = YES;
			};
			name = Release;
		};
/* End XCBuildConfiguration section */

/* Begin XCConfigurationList section */
		00E357021AD99517003FC87E /* Build configuration list for PBXNativeTarget "VTechnologyTests" */ = {
			isa = XCConfigurationList;
			buildConfigurations = (
				00E356F61AD99517003FC87E /* Debug */,
				00E356F71AD99517003FC87E /* Release */,
			);
			defaultConfigurationIsVisible = 0;
			defaultConfigurationName = Release;
		};
		13B07F931A680F5B00A75B9A /* Build configuration list for PBXNativeTarget "VTechnology" */ = {
			isa = XCConfigurationList;
			buildConfigurations = (
				13B07F941A680F5B00A75B9A /* Debug */,
				13B07F951A680F5B00A75B9A /* Release */,
			);
			defaultConfigurationIsVisible = 0;
			defaultConfigurationName = Release;
		};
		83CBB9FA1A601CBA00E9B192 /* Build configuration list for PBXProject "VTechnology" */ = {
			isa = XCConfigurationList;
			buildConfigurations = (
				83CBBA201A601CBA00E9B192 /* Debug */,
				83CBBA211A601CBA00E9B192 /* Release */,
			);
			defaultConfigurationIsVisible = 0;
			defaultConfigurationName = Release;
		};
/* End XCConfigurationList section */
	};
	rootObject = 83CBB9F71A601CBA00E9B192 /* Project object */;
}
